
Microsoft Visual Studio Solution File, Format Version 12.00
# Visual Studio Version 16
VisualStudioVersion = 16.0.810.16
MinimumVisualStudioVersion = 10.0.40219.1
Project("{FAE04EC0-301F-11D3-BF4B-00C04F79EFBC}") = "FirstTest", "FirstTest.csproj", "{3D63D7D6-C7DA-448E-A542-5D6978014970}"
EndProject
Global
	GlobalSection(SolutionConfigurationPlatforms) = preSolution
		Debug|Any CPU = Debug|Any CPU
		Release|Any CPU = Release|Any CPU
	EndGlobalSection
	GlobalSection(ProjectConfigurationPlatforms) = postSolution
		{3D63D7D6-C7DA-448E-A542-5D6978014970}.Debug|Any CPU.ActiveCfg = Debug|Any CPU
		{3D63D7D6-C7DA-448E-A542-5D6978014970}.Debug|Any CPU.Build.0 = Debug|Any CPU
		{3D63D7D6-C7DA-448E-A542-5D6978014970}.Release|Any CPU.ActiveCfg = Release|Any CPU
		{3D63D7D6-C7DA-448E-A542-5D6978014970}.Release|Any CPU.Build.0 = Release|Any CPU
	EndGlobalSection
	GlobalSection(SolutionProperties) = preSolution
		HideSolutionNode = FALSE
	EndGlobalSection
	GlobalSection(ExtensibilityGlobals) = postSolution
		SolutionGuid = {913DBCA2-C2E5-4DD2-A6AF-EE42EDA09D27}
	EndGlobalSection
EndGlobal
